
Microsoft Visual Studio Solution File, Format Version 12.00
# Visual Studio 15
VisualStudioVersion = 15.0.27428.2011
MinimumVisualStudioVersion = 10.0.40219.1
Project("{2150E333-8FDC-42A3-9474-1A3956D46DE8}") = "PHAApp", "PHAApp", "{44547AAB-1F6F-48E2-AABE-510683E857E2}"
EndProject
Project("{FAE04EC0-301F-11D3-BF4B-00C04F79EFBC}") = "SPApps", "SPApps\SPApps.csproj", "{2E9B0E5D-82EF-4C3F-A8BB-A72F8105B42A}"
EndProject
Project("{FAE04EC0-301F-11D3-BF4B-00C04F79EFBC}") = "SPAppsWeb", "SPAppsWeb\SPAppsWeb.csproj", "{498800B4-BDC9-4485-BF82-BC440A27AA0A}"
EndProject
Global
	GlobalSection(SolutionConfigurationPlatforms) = preSolution
		Debug|Any CPU = Debug|Any CPU
		Release|Any CPU = Release|Any CPU
	EndGlobalSection
	GlobalSection(ProjectConfigurationPlatforms) = postSolution
		{2E9B0E5D-82EF-4C3F-A8BB-A72F8105B42A}.Debug|Any CPU.ActiveCfg = Debug|Any CPU
		{2E9B0E5D-82EF-4C3F-A8BB-A72F8105B42A}.Debug|Any CPU.Build.0 = Debug|Any CPU
		{2E9B0E5D-82EF-4C3F-A8BB-A72F8105B42A}.Debug|Any CPU.Deploy.0 = Debug|Any CPU
		{2E9B0E5D-82EF-4C3F-A8BB-A72F8105B42A}.Release|Any CPU.ActiveCfg = Release|Any CPU
		{2E9B0E5D-82EF-4C3F-A8BB-A72F8105B42A}.Release|Any CPU.Build.0 = Release|Any CPU
		{2E9B0E5D-82EF-4C3F-A8BB-A72F8105B42A}.Release|Any CPU.Deploy.0 = Release|Any CPU
		{498800B4-BDC9-4485-BF82-BC440A27AA0A}.Debug|Any CPU.ActiveCfg = Debug|Any CPU
		{498800B4-BDC9-4485-BF82-BC440A27AA0A}.Debug|Any CPU.Build.0 = Debug|Any CPU
		{498800B4-BDC9-4485-BF82-BC440A27AA0A}.Release|Any CPU.ActiveCfg = Release|Any CPU
		{498800B4-BDC9-4485-BF82-BC440A27AA0A}.Release|Any CPU.Build.0 = Release|Any CPU
	EndGlobalSection
	GlobalSection(SolutionProperties) = preSolution
		HideSolutionNode = FALSE
	EndGlobalSection
	GlobalSection(NestedProjects) = preSolution
		{2E9B0E5D-82EF-4C3F-A8BB-A72F8105B42A} = {44547AAB-1F6F-48E2-AABE-510683E857E2}
		{498800B4-BDC9-4485-BF82-BC440A27AA0A} = {44547AAB-1F6F-48E2-AABE-510683E857E2}
	EndGlobalSection
	GlobalSection(ExtensibilityGlobals) = postSolution
		SolutionGuid = {343C03E9-2182-46E8-98F8-08F528C6D223}
	EndGlobalSection
EndGlobal
